
Microsoft Visual Studio Solution File, Format Version 12.00
# Visual Studio Version 16
VisualStudioVersion = 16.0.29609.76
MinimumVisualStudioVersion = 10.0.40219.1
Project("{8BC9CEB8-8B4A-11D0-8D11-00A0C91BC942}") = "Retele - tema2 - Bidimensional Parity", "Retele - tema2 - Bidimensional Parity\Retele - tema2 - Bidimensional Parity.vcxproj", "{339EF055-26F8-4FD0-A780-7EBDA252BAE3}"
EndProject
Global
	GlobalSection(SolutionConfigurationPlatforms) = preSolution
		Debug|x64 = Debug|x64
		Debug|x86 = Debug|x86
		Release|x64 = Release|x64
		Release|x86 = Release|x86
	EndGlobalSection
	GlobalSection(ProjectConfigurationPlatforms) = postSolution
		{339EF055-26F8-4FD0-A780-7EBDA252BAE3}.Debug|x64.ActiveCfg = Debug|x64
		{339EF055-26F8-4FD0-A780-7EBDA252BAE3}.Debug|x64.Build.0 = Debug|x64
		{339EF055-26F8-4FD0-A780-7EBDA252BAE3}.Debug|x86.ActiveCfg = Debug|Win32
		{339EF055-26F8-4FD0-A780-7EBDA252BAE3}.Debug|x86.Build.0 = Debug|Win32
		{339EF055-26F8-4FD0-A780-7EBDA252BAE3}.Release|x64.ActiveCfg = Release|x64
		{339EF055-26F8-4FD0-A780-7EBDA252BAE3}.Release|x64.Build.0 = Release|x64
		{339EF055-26F8-4FD0-A780-7EBDA252BAE3}.Release|x86.ActiveCfg = Release|Win32
		{339EF055-26F8-4FD0-A780-7EBDA252BAE3}.Release|x86.Build.0 = Release|Win32
	EndGlobalSection
	GlobalSection(SolutionProperties) = preSolution
		HideSolutionNode = FALSE
	EndGlobalSection
	GlobalSection(ExtensibilityGlobals) = postSolution
		SolutionGuid = {93B39F9D-0A99-4F0D-B13D-AED06121E1D8}
	EndGlobalSection
EndGlobal
